// !$*UTF8*$!
{
	archiveVersion = 1;
	classes = {
	};
	objectVersion = 56;
	objects = {

/* Begin PBXBuildFile section */
		AF3D8FC62A39E1B900337F9B /* AppDelegate.swift in Sources */ = {isa = PBXBuildFile; fileRef = AF3D8FC52A39E1B900337F9B /* AppDelegate.swift */; };
		AF3D8FC82A39E1B900337F9B /* SceneDelegate.swift in Sources */ = {isa = PBXBuildFile; fileRef = AF3D8FC72A39E1B900337F9B /* SceneDelegate.swift */; };
		AF3D8FCA2A39E1B900337F9B /* ViewController.swift in Sources */ = {isa = PBXBuildFile; fileRef = AF3D8FC92A39E1B900337F9B /* ViewController.swift */; };
		AF3D8FCD2A39E1B900337F9B /* Main.storyboard in Resources */ = {isa = PBXBuildFile; fileRef = AF3D8FCB2A39E1B900337F9B /* Main.storyboard */; };
		AF3D8FCF2A39E1BA00337F9B /* Assets.xcassets in Resources */ = {isa = PBXBuildFile; fileRef = AF3D8FCE2A39E1BA00337F9B /* Assets.xcassets */; };
		AF3D8FD22A39E1BA00337F9B /* LaunchScreen.storyboard in Resources */ = {isa = PBXBuildFile; fileRef = AF3D8FD02A39E1BA00337F9B /* LaunchScreen.storyboard */; };
		AF3D8FDD2A39E1BA00337F9B /* Magic8BallAppTests.swift in Sources */ = {isa = PBXBuildFile; fileRef = AF3D8FDC2A39E1BA00337F9B /* Magic8BallAppTests.swift */; };
		AF3D8FE72A39E1BA00337F9B /* Magic8BallAppUITests.swift in Sources */ = {isa = PBXBuildFile; fileRef = AF3D8FE62A39E1BA00337F9B /* Magic8BallAppUITests.swift */; };
		AF3D8FE92A39E1BA00337F9B /* Magic8BallAppUITestsLaunchTests.swift in Sources */ = {isa = PBXBuildFile; fileRef = AF3D8FE82A39E1BA00337F9B /* Magic8BallAppUITestsLaunchTests.swift */; };
/* End PBXBuildFile section */

/* Begin PBXContainerItemProxy section */
		AF3D8FD92A39E1BA00337F9B /* PBXContainerItemProxy */ = {
			isa = PBXContainerItemProxy;
			containerPortal = AF3D8FBA2A39E1B900337F9B /* Project object */;
			proxyType = 1;
			remoteGlobalIDString = AF3D8FC12A39E1B900337F9B;
			remoteInfo = Magic8BallApp;
		};
		AF3D8FE32A39E1BA00337F9B /* PBXContainerItemProxy */ = {
			isa = PBXContainerItemProxy;
			containerPortal = AF3D8FBA2A39E1B900337F9B /* Project object */;
			proxyType = 1;
			remoteGlobalIDString = AF3D8FC12A39E1B900337F9B;
			remoteInfo = Magic8BallApp;
		};
/* End PBXContainerItemProxy section */

/* Begin PBXFileReference section */
		AF3D8FC22A39E1B900337F9B /* Magic8BallApp.app */ = {isa = PBXFileReference; explicitFileType = wrapper.application; includeInIndex = 0; path = Magic8BallApp.app; sourceTree = BUILT_PRODUCTS_DIR; };
		AF3D8FC52A39E1B900337F9B /* AppDelegate.swift */ = {isa = PBXFileReference; lastKnownFileType = sourcecode.swift; path = AppDelegate.swift; sourceTree = "<group>"; };
		AF3D8FC72A39E1B900337F9B /* SceneDelegate.swift */ = {isa = PBXFileReference; lastKnownFileType = sourcecode.swift; path = SceneDelegate.swift; sourceTree = "<group>"; };
		AF3D8FC92A39E1B900337F9B /* ViewController.swift */ = {isa = PBXFileReference; lastKnownFileType = sourcecode.swift; path = ViewController.swift; sourceTree = "<group>"; };
		AF3D8FCC2A39E1B900337F9B /* Base */ = {isa = PBXFileReference; lastKnownFileType = file.storyboard; name = Base; path = Base.lproj/Main.storyboard; sourceTree = "<group>"; };
		AF3D8FCE2A39E1BA00337F9B /* Assets.xcassets */ = {isa = PBXFileReference; lastKnownFileType = folder.assetcatalog; path = Assets.xcassets; sourceTree = "<group>"; };
		AF3D8FD12A39E1BA00337F9B /* Base */ = {isa = PBXFileReference; lastKnownFileType = file.storyboard; name = Base; path = Base.lproj/LaunchScreen.storyboard; sourceTree = "<group>"; };
		AF3D8FD32A39E1BA00337F9B /* Info.plist */ = {isa = PBXFileReference; lastKnownFileType = text.plist.xml; path = Info.plist; sourceTree = "<group>"; };
		AF3D8FD82A39E1BA00337F9B /* Magic8BallAppTests.xctest */ = {isa = PBXFileReference; explicitFileType = wrapper.cfbundle; includeInIndex = 0; path = Magic8BallAppTests.xctest; sourceTree = BUILT_PRODUCTS_DIR; };
		AF3D8FDC2A39E1BA00337F9B /* Magic8BallAppTests.swift */ = {isa = PBXFileReference; lastKnownFileType = sourcecode.swift; path = Magic8BallAppTests.swift; sourceTree = "<group>"; };
		AF3D8FE22A39E1BA00337F9B /* Magic8BallAppUITests.xctest */ = {isa = PBXFileReference; explicitFileType = wrapper.cfbundle; includeInIndex = 0; path = Magic8BallAppUITests.xctest; sourceTree = BUILT_PRODUCTS_DIR; };
		AF3D8FE62A39E1BA00337F9B /* Magic8BallAppUITests.swift */ = {isa = PBXFileReference; lastKnownFileType = sourcecode.swift; path = Magic8BallAppUITests.swift; sourceTree = "<group>"; };
		AF3D8FE82A39E1BA00337F9B /* Magic8BallAppUITestsLaunchTests.swift */ = {isa = PBXFileReference; lastKnownFileType = sourcecode.swift; path = Magic8BallAppUITestsLaunchTests.swift; sourceTree = "<group>"; };
/* End PBXFileReference section */

/* Begin PBXFrameworksBuildPhase section */
		AF3D8FBF2A39E1B900337F9B /* Frameworks */ = {
			isa = PBXFrameworksBuildPhase;
			buildActionMask = 2147483647;
			files = (
			);
			runOnlyForDeploymentPostprocessing = 0;
		};
		AF3D8FD52A39E1BA00337F9B /* Frameworks */ = {
			isa = PBXFrameworksBuildPhase;
			buildActionMask = 2147483647;
			files = (
			);
			runOnlyForDeploymentPostprocessing = 0;
		};
		AF3D8FDF2A39E1BA00337F9B /* Frameworks */ = {
			isa = PBXFrameworksBuildPhase;
			buildActionMask = 2147483647;
			files = (
			);
			runOnlyForDeploymentPostprocessing = 0;
		};
/* End PBXFrameworksBuildPhase section */

/* Begin PBXGroup section */
		AF3D8FB92A39E1B900337F9B = {
			isa = PBXGroup;
			children = (
				AF3D8FC42A39E1B900337F9B /* Magic8BallApp */,
				AF3D8FDB2A39E1BA00337F9B /* Magic8BallAppTests */,
				AF3D8FE52A39E1BA00337F9B /* Magic8BallAppUITests */,
				AF3D8FC32A39E1B900337F9B /* Products */,
			);
			sourceTree = "<group>";
		};
		AF3D8FC32A39E1B900337F9B /* Products */ = {
			isa = PBXGroup;
			children = (
				AF3D8FC22A39E1B900337F9B /* Magic8BallApp.app */,
				AF3D8FD82A39E1BA00337F9B /* Magic8BallAppTests.xctest */,
				AF3D8FE22A39E1BA00337F9B /* Magic8BallAppUITests.xctest */,
			);
			name = Products;
			sourceTree = "<group>";
		};
		AF3D8FC42A39E1B900337F9B /* Magic8BallApp */ = {
			isa = PBXGroup;
			children = (
				AF3D8FC52A39E1B900337F9B /* AppDelegate.swift */,
				AF3D8FC72A39E1B900337F9B /* SceneDelegate.swift */,
				AF3D8FC92A39E1B900337F9B /* ViewController.swift */,
				AF3D8FCB2A39E1B900337F9B /* Main.storyboard */,
				AF3D8FCE2A39E1BA00337F9B /* Assets.xcassets */,
				AF3D8FD02A39E1BA00337F9B /* LaunchScreen.storyboard */,
				AF3D8FD32A39E1BA00337F9B /* Info.plist */,
			);
			path = Magic8BallApp;
			sourceTree = "<group>";
		};
		AF3D8FDB2A39E1BA00337F9B /* Magic8BallAppTests */ = {
			isa = PBXGroup;
			children = (
				AF3D8FDC2A39E1BA00337F9B /* Magic8BallAppTests.swift */,
			);
			path = Magic8BallAppTests;
			sourceTree = "<group>";
		};
		AF3D8FE52A39E1BA00337F9B /* Magic8BallAppUITests */ = {
			isa = PBXGroup;
			children = (
				AF3D8FE62A39E1BA00337F9B /* Magic8BallAppUITests.swift */,
				AF3D8FE82A39E1BA00337F9B /* Magic8BallAppUITestsLaunchTests.swift */,
			);
			path = Magic8BallAppUITests;
			sourceTree = "<group>";
		};
/* End PBXGroup section */

/* Begin PBXNativeTarget section */
		AF3D8FC12A39E1B900337F9B /* Magic8BallApp */ = {
			isa = PBXNativeTarget;
			buildConfigurationList = AF3D8FEC2A39E1BA00337F9B /* Build configuration list for PBXNativeTarget "Magic8BallApp" */;
			buildPhases = (
				AF3D8FBE2A39E1B900337F9B /* Sources */,
				AF3D8FBF2A39E1B900337F9B /* Frameworks */,
				AF3D8FC02A39E1B900337F9B /* Resources */,
			);
			buildRules = (
			);
			dependencies = (
			);
			name = Magic8BallApp;
			productName = Magic8BallApp;
			productReference = AF3D8FC22A39E1B900337F9B /* Magic8BallApp.app */;
			productType = "com.apple.product-type.application";
		};
		AF3D8FD72A39E1BA00337F9B /* Magic8BallAppTests */ = {
			isa = PBXNativeTarget;
			buildConfigurationList = AF3D8FEF2A39E1BA00337F9B /* Build configuration list for PBXNativeTarget "Magic8BallAppTests" */;
			buildPhases = (
				AF3D8FD42A39E1BA00337F9B /* Sources */,
				AF3D8FD52A39E1BA00337F9B /* Frameworks */,
				AF3D8FD62A39E1BA00337F9B /* Resources */,
			);
			buildRules = (
			);
			dependencies = (
				AF3D8FDA2A39E1BA00337F9B /* PBXTargetDependency */,
			);
			name = Magic8BallAppTests;
			productName = Magic8BallAppTests;
			productReference = AF3D8FD82A39E1BA00337F9B /* Magic8BallAppTests.xctest */;
			productType = "com.apple.product-type.bundle.unit-test";
		};
		AF3D8FE12A39E1BA00337F9B /* Magic8BallAppUITests */ = {
			isa = PBXNativeTarget;
			buildConfigurationList = AF3D8FF22A39E1BA00337F9B /* Build configuration list for PBXNativeTarget "Magic8BallAppUITests" */;
			buildPhases = (
				AF3D8FDE2A39E1BA00337F9B /* Sources */,
				AF3D8FDF2A39E1BA00337F9B /* Frameworks */,
				AF3D8FE02A39E1BA00337F9B /* Resources */,
			);
			buildRules = (
			);
			dependencies = (
				AF3D8FE42A39E1BA00337F9B /* PBXTargetDependency */,
			);
			name = Magic8BallAppUITests;
			productName = Magic8BallAppUITests;
			productReference = AF3D8FE22A39E1BA00337F9B /* Magic8BallAppUITests.xctest */;
			productType = "com.apple.product-type.bundle.ui-testing";
		};
/* End PBXNativeTarget section */

/* Begin PBXProject section */
		AF3D8FBA2A39E1B900337F9B /* Project object */ = {
			isa = PBXProject;
			attributes = {
				BuildIndependentTargetsInParallel = 1;
				LastSwiftUpdateCheck = 1500;
				LastUpgradeCheck = 1500;
				TargetAttributes = {
					AF3D8FC12A39E1B900337F9B = {
						CreatedOnToolsVersion = 15.0;
					};
					AF3D8FD72A39E1BA00337F9B = {
						CreatedOnToolsVersion = 15.0;
						TestTargetID = AF3D8FC12A39E1B900337F9B;
					};
					AF3D8FE12A39E1BA00337F9B = {
						CreatedOnToolsVersion = 15.0;
						TestTargetID = AF3D8FC12A39E1B900337F9B;
					};
				};
			};
			buildConfigurationList = AF3D8FBD2A39E1B900337F9B /* Build configuration list for PBXProject "Magic8BallApp" */;
			compatibilityVersion = "Xcode 14.0";
			developmentRegion = en;
			hasScannedForEncodings = 0;
			knownRegions = (
				en,
				Base,
			);
			mainGroup = AF3D8FB92A39E1B900337F9B;
			productRefGroup = AF3D8FC32A39E1B900337F9B /* Products */;
			projectDirPath = "";
			projectRoot = "";
			targets = (
				AF3D8FC12A39E1B900337F9B /* Magic8BallApp */,
				AF3D8FD72A39E1BA00337F9B /* Magic8BallAppTests */,
				AF3D8FE12A39E1BA00337F9B /* Magic8BallAppUITests */,
			);
		};
/* End PBXProject section */

/* Begin PBXResourcesBuildPhase section */
		AF3D8FC02A39E1B900337F9B /* Resources */ = {
			isa = PBXResourcesBuildPhase;
			buildActionMask = 2147483647;
			files = (
				AF3D8FD22A39E1BA00337F9B /* LaunchScreen.storyboard in Resources */,
				AF3D8FCF2A39E1BA00337F9B /* Assets.xcassets in Resources */,
				AF3D8FCD2A39E1B900337F9B /* Main.storyboard in Resources */,
			);
			runOnlyForDeploymentPostprocessing = 0;
		};
		AF3D8FD62A39E1BA00337F9B /* Resources */ = {
			isa = PBXResourcesBuildPhase;
			buildActionMask = 2147483647;
			files = (
			);
			runOnlyForDeploymentPostprocessing = 0;
		};
		AF3D8FE02A39E1BA00337F9B /* Resources */ = {
			isa = PBXResourcesBuildPhase;
			buildActionMask = 2147483647;
			files = (
			);
			runOnlyForDeploymentPostprocessing = 0;
		};
/* End PBXResourcesBuildPhase section */

/* Begin PBXSourcesBuildPhase section */
		AF3D8FBE2A39E1B900337F9B /* Sources */ = {
			isa = PBXSourcesBuildPhase;
			buildActionMask = 2147483647;
			files = (
				AF3D8FCA2A39E1B900337F9B /* ViewController.swift in Sources */,
				AF3D8FC62A39E1B900337F9B /* AppDelegate.swift in Sources */,
				AF3D8FC82A39E1B900337F9B /* SceneDelegate.swift in Sources */,
			);
			runOnlyForDeploymentPostprocessing = 0;
		};
		AF3D8FD42A39E1BA00337F9B /* Sources */ = {
			isa = PBXSourcesBuildPhase;
			buildActionMask = 2147483647;
			files = (
				AF3D8FDD2A39E1BA00337F9B /* Magic8BallAppTests.swift in Sources */,
			);
			runOnlyForDeploymentPostprocessing = 0;
		};
		AF3D8FDE2A39E1BA00337F9B /* Sources */ = {
			isa = PBXSourcesBuildPhase;
			buildActionMask = 2147483647;
			files = (
				AF3D8FE92A39E1BA00337F9B /* Magic8BallAppUITestsLaunchTests.swift in Sources */,
				AF3D8FE72A39E1BA00337F9B /* Magic8BallAppUITests.swift in Sources */,
			);
			runOnlyForDeploymentPostprocessing = 0;
		};
/* End PBXSourcesBuildPhase section */

/* Begin PBXTargetDependency section */
		AF3D8FDA2A39E1BA00337F9B /* PBXTargetDependency */ = {
			isa = PBXTargetDependency;
			target = AF3D8FC12A39E1B900337F9B /* Magic8BallApp */;
			targetProxy = AF3D8FD92A39E1BA00337F9B /* PBXContainerItemProxy */;
		};
		AF3D8FE42A39E1BA00337F9B /* PBXTargetDependency */ = {
			isa = PBXTargetDependency;
			target = AF3D8FC12A39E1B900337F9B /* Magic8BallApp */;
			targetProxy = AF3D8FE32A39E1BA00337F9B /* PBXContainerItemProxy */;
		};
/* End PBXTargetDependency section */

/* Begin PBXVariantGroup section */
		AF3D8FCB2A39E1B900337F9B /* Main.storyboard */ = {
			isa = PBXVariantGroup;
			children = (
				AF3D8FCC2A39E1B900337F9B /* Base */,
			);
			name = Main.storyboard;
			sourceTree = "<group>";
		};
		AF3D8FD02A39E1BA00337F9B /* LaunchScreen.storyboard */ = {
			isa = PBXVariantGroup;
			children = (
				AF3D8FD12A39E1BA00337F9B /* Base */,
			);
			name = LaunchScreen.storyboard;
			sourceTree = "<group>";
		};
/* End PBXVariantGroup section */

/* Begin XCBuildConfiguration section */
		AF3D8FEA2A39E1BA00337F9B /* Debug */ = {
			isa = XCBuildConfiguration;
			buildSettings = {
				ALWAYS_SEARCH_USER_PATHS = NO;
				ASSETCATALOG_COMPILER_GENERATE_SWIFT_ASSET_SYMBOL_EXTENSIONS = YES;
				CLANG_ANALYZER_NONNULL = YES;
				CLANG_ANALYZER_NUMBER_OBJECT_CONVERSION = YES_AGGRESSIVE;
				CLANG_CXX_LANGUAGE_STANDARD = "gnu++20";
				CLANG_ENABLE_MODULES = YES;
				CLANG_ENABLE_OBJC_ARC = YES;
				CLANG_ENABLE_OBJC_WEAK = YES;
				CLANG_WARN_BLOCK_CAPTURE_AUTORELEASING = YES;
				CLANG_WARN_BOOL_CONVERSION = YES;
				CLANG_WARN_COMMA = YES;
				CLANG_WARN_CONSTANT_CONVERSION = YES;
				CLANG_WARN_DEPRECATED_OBJC_IMPLEMENTATIONS = YES;
				CLANG_WARN_DIRECT_OBJC_ISA_USAGE = YES_ERROR;
				CLANG_WARN_DOCUMENTATION_COMMENTS = YES;
				CLANG_WARN_EMPTY_BODY = YES;
				CLANG_WARN_ENUM_CONVERSION = YES;
				CLANG_WARN_INFINITE_RECURSION = YES;
				CLANG_WARN_INT_CONVERSION = YES;
				CLANG_WARN_NON_LITERAL_NULL_CONVERSION = YES;
				CLANG_WARN_OBJC_IMPLICIT_RETAIN_SELF = YES;
				CLANG_WARN_OBJC_LITERAL_CONVERSION = YES;
				CLANG_WARN_OBJC_ROOT_CLASS = YES_ERROR;
				CLANG_WARN_QUOTED_INCLUDE_IN_FRAMEWORK_HEADER = YES;
				CLANG_WARN_RANGE_LOOP_ANALYSIS = YES;
				CLANG_WARN_STRICT_PROTOTYPES = YES;
				CLANG_WARN_SUSPICIOUS_MOVE = YES;
				CLANG_WARN_UNGUARDED_AVAILABILITY = YES_AGGRESSIVE;
				CLANG_WARN_UNREACHABLE_CODE = YES;
				CLANG_WARN__DUPLICATE_METHOD_MATCH = YES;
				COPY_PHASE_STRIP = NO;
				DEBUG_INFORMATION_FORMAT = dwarf;
				ENABLE_STRICT_OBJC_MSGSEND = YES;
				ENABLE_TESTABILITY = YES;
				ENABLE_USER_SCRIPT_SANDBOXING = YES;
				GCC_C_LANGUAGE_STANDARD = gnu17;
				GCC_DYNAMIC_NO_PIC = NO;
				GCC_NO_COMMON_BLOCKS = YES;
				GCC_OPTIMIZATION_LEVEL = 0;
				GCC_PREPROCESSOR_DEFINITIONS = (
					"DEBUG=1",
					"$(inherited)",
				);
				GCC_WARN_64_TO_32_BIT_CONVERSION = YES;
				GCC_WARN_ABOUT_RETURN_TYPE = YES_ERROR;
				GCC_WARN_UNDECLARED_SELECTOR = YES;
				GCC_WARN_UNINITIALIZED_AUTOS = YES_AGGRESSIVE;
				GCC_WARN_UNUSED_FUNCTION = YES;
				GCC_WARN_UNUSED_VARIABLE = YES;
				IPHONEOS_DEPLOYMENT_TARGET = 17.0;
				LOCALIZATION_PREFERS_STRING_CATALOGS = YES;
				MTL_ENABLE_DEBUG_INFO = INCLUDE_SOURCE;
				MTL_FAST_MATH = YES;
				ONLY_ACTIVE_ARCH = YES;
				SDKROOT = iphoneos;
				SWIFT_ACTIVE_COMPILATION_CONDITIONS = "DEBUG $(inherited)";
				SWIFT_OPTIMIZATION_LEVEL = "-Onone";
			};
			name = Debug;
		};
		AF3D8FEB2A39E1BA00337F9B /* Release */ = {
			isa = XCBuildConfiguration;
			buildSettings = {
				ALWAYS_SEARCH_USER_PATHS = NO;
				ASSETCATALOG_COMPILER_GENERATE_SWIFT_ASSET_SYMBOL_EXTENSIONS = YES;
				CLANG_ANALYZER_NONNULL = YES;
				CLANG_ANALYZER_NUMBER_OBJECT_CONVERSION = YES_AGGRESSIVE;
				CLANG_CXX_LANGUAGE_STANDARD = "gnu++20";
				CLANG_ENABLE_MODULES = YES;
				CLANG_ENABLE_OBJC_ARC = YES;
				CLANG_ENABLE_OBJC_WEAK = YES;
				CLANG_WARN_BLOCK_CAPTURE_AUTORELEASING = YES;
				CLANG_WARN_BOOL_CONVERSION = YES;
				CLANG_WARN_COMMA = YES;
				CLANG_WARN_CONSTANT_CONVERSION = YES;
				CLANG_WARN_DEPRECATED_OBJC_IMPLEMENTATIONS = YES;
				CLANG_WARN_DIRECT_OBJC_ISA_USAGE = YES_ERROR;
				CLANG_WARN_DOCUMENTATION_COMMENTS = YES;
				CLANG_WARN_EMPTY_BODY = YES;
				CLANG_WARN_ENUM_CONVERSION = YES;
				CLANG_WARN_INFINITE_RECURSION = YES;
				CLANG_WARN_INT_CONVERSION = YES;
				CLANG_WARN_NON_LITERAL_NULL_CONVERSION = YES;
				CLANG_WARN_OBJC_IMPLICIT_RETAIN_SELF = YES;
				CLANG_WARN_OBJC_LITERAL_CONVERSION = YES;
				CLANG_WARN_OBJC_ROOT_CLASS = YES_ERROR;
				CLANG_WARN_QUOTED_INCLUDE_IN_FRAMEWORK_HEADER = YES;
				CLANG_WARN_RANGE_LOOP_ANALYSIS = YES;
				CLANG_WARN_STRICT_PROTOTYPES = YES;
				CLANG_WARN_SUSPICIOUS_MOVE = YES;
				CLANG_WARN_UNGUARDED_AVAILABILITY = YES_AGGRESSIVE;
				CLANG_WARN_UNREACHABLE_CODE = YES;
				CLANG_WARN__DUPLICATE_METHOD_MATCH = YES;
				COPY_PHASE_STRIP = NO;
				DEBUG_INFORMATION_FORMAT = "dwarf-with-dsym";
				ENABLE_NS_ASSERTIONS = NO;
				ENABLE_STRICT_OBJC_MSGSEND = YES;
				ENABLE_USER_SCRIPT_SANDBOXING = YES;
				GCC_C_LANGUAGE_STANDARD = gnu17;
				GCC_NO_COMMON_BLOCKS = YES;
				GCC_WARN_64_TO_32_BIT_CONVERSION = YES;
				GCC_WARN_ABOUT_RETURN_TYPE = YES_ERROR;
				GCC_WARN_UNDECLARED_SELECTOR = YES;
				GCC_WARN_UNINITIALIZED_AUTOS = YES_AGGRESSIVE;
				GCC_WARN_UNUSED_FUNCTION = YES;
				GCC_WARN_UNUSED_VARIABLE = YES;
				IPHONEOS_DEPLOYMENT_TARGET = 17.0;
				LOCALIZATION_PREFERS_STRING_CATALOGS = YES;
				MTL_ENABLE_DEBUG_INFO = NO;
				MTL_FAST_MATH = YES;
				SDKROOT = iphoneos;
				SWIFT_COMPILATION_MODE = wholemodule;
				VALIDATE_PRODUCT = YES;
			};
			name = Release;
		};
		AF3D8FED2A39E1BA00337F9B /* Debug */ = {
			isa = XCBuildConfiguration;
			buildSettings = {
				ASSETCATALOG_COMPILER_APPICON_NAME = AppIcon;
				ASSETCATALOG_COMPILER_GLOBAL_ACCENT_COLOR_NAME = AccentColor;
				CODE_SIGN_STYLE = Automatic;
				CURRENT_PROJECT_VERSION = 1;
				GENERATE_INFOPLIST_FILE = YES;
				INFOPLIST_FILE = Magic8BallApp/Info.plist;
				INFOPLIST_KEY_UIApplicationSupportsIndirectInputEvents = YES;
				INFOPLIST_KEY_UILaunchStoryboardName = LaunchScreen;
				INFOPLIST_KEY_UIMainStoryboardFile = Main;
				INFOPLIST_KEY_UISupportedInterfaceOrientations_iPad = "UIInterfaceOrientationPortrait UIInterfaceOrientationPortraitUpsideDown UIInterfaceOrientationLandscapeLeft UIInterfaceOrientationLandscapeRight";
				INFOPLIST_KEY_UISupportedInterfaceOrientations_iPhone = "UIInterfaceOrientationPortrait UIInterfaceOrientationLandscapeLeft UIInterfaceOrientationLandscapeRight";
				LD_RUNPATH_SEARCH_PATHS = (
					"$(inherited)",
					"@executable_path/Frameworks",
				);
				MARKETING_VERSION = 1.0;
				PRODUCT_BUNDLE_IDENTIFIER = resedat.Magic8BallApp;
				PRODUCT_NAME = "$(TARGET_NAME)";
				SUPPORTED_PLATFORMS = "iphoneos iphonesimulator";
				SUPPORTS_MACCATALYST = NO;
				SUPPORTS_MAC_DESIGNED_FOR_IPHONE_IPAD = NO;
				SWIFT_EMIT_LOC_STRINGS = YES;
				SWIFT_VERSION = 5.0;
				TARGETED_DEVICE_FAMILY = 1;
			};
			name = Debug;
		};
		AF3D8FEE2A39E1BA00337F9B /* Release */ = {
			isa = XCBuildConfiguration;
			buildSettings = {
				ASSETCATALOG_COMPILER_APPICON_NAME = AppIcon;
				ASSETCATALOG_COMPILER_GLOBAL_ACCENT_COLOR_NAME = AccentColor;
				CODE_SIGN_STYLE = Automatic;
				CURRENT_PROJECT_VERSION = 1;
				GENERATE_INFOPLIST_FILE = YES;
				INFOPLIST_FILE = Magic8BallApp/Info.plist;
				INFOPLIST_KEY_UIApplicationSupportsIndirectInputEvents = YES;
				INFOPLIST_KEY_UILaunchStoryboardName = LaunchScreen;
				INFOPLIST_KEY_UIMainStoryboardFile = Main;
				INFOPLIST_KEY_UISupportedInterfaceOrientations_iPad = "UIInterfaceOrientationPortrait UIInterfaceOrientationPortraitUpsideDown UIInterfaceOrientationLandscapeLeft UIInterfaceOrientationLandscapeRight";
				INFOPLIST_KEY_UISupportedInterfaceOrientations_iPhone = "UIInterfaceOrientationPortrait UIInterfaceOrientationLandscapeLeft UIInterfaceOrientationLandscapeRight";
				LD_RUNPATH_SEARCH_PATHS = (
					"$(inherited)",
					"@executable_path/Frameworks",
				);
				MARKETING_VERSION = 1.0;
				PRODUCT_BUNDLE_IDENTIFIER = resedat.Magic8BallApp;
				PRODUCT_NAME = "$(TARGET_NAME)";
				SUPPORTED_PLATFORMS = "iphoneos iphonesimulator";
				SUPPORTS_MACCATALYST = NO;
				SUPPORTS_MAC_DESIGNED_FOR_IPHONE_IPAD = NO;
				SWIFT_EMIT_LOC_STRINGS = YES;
				SWIFT_VERSION = 5.0;
				TARGETED_DEVICE_FAMILY = 1;
			};
			name = Release;
		};
		AF3D8FF02A39E1BA00337F9B /* Debug */ = {
			isa = XCBuildConfiguration;
			buildSettings = {
				ALWAYS_EMBED_SWIFT_STANDARD_LIBRARIES = YES;
				BUNDLE_LOADER = "$(TEST_HOST)";
				CODE_SIGN_STYLE = Automatic;
				CURRENT_PROJECT_VERSION = 1;
				GENERATE_INFOPLIST_FILE = YES;
				IPHONEOS_DEPLOYMENT_TARGET = 17.0;
				MARKETING_VERSION = 1.0;
				PRODUCT_BUNDLE_IDENTIFIER = resedat.Magic8BallAppTests;
				PRODUCT_NAME = "$(TARGET_NAME)";
				SWIFT_EMIT_LOC_STRINGS = NO;
				SWIFT_VERSION = 5.0;
				TARGETED_DEVICE_FAMILY = "1,2";
				TEST_HOST = "$(BUILT_PRODUCTS_DIR)/Magic8BallApp.app/$(BUNDLE_EXECUTABLE_FOLDER_PATH)/Magic8BallApp";
			};
			name = Debug;
		};
		AF3D8FF12A39E1BA00337F9B /* Release */ = {
			isa = XCBuildConfiguration;
			buildSettings = {
				ALWAYS_EMBED_SWIFT_STANDARD_LIBRARIES = YES;
				BUNDLE_LOADER = "$(TEST_HOST)";
				CODE_SIGN_STYLE = Automatic;
				CURRENT_PROJECT_VERSION = 1;
				GENERATE_INFOPLIST_FILE = YES;
				IPHONEOS_DEPLOYMENT_TARGET = 17.0;
				MARKETING_VERSION = 1.0;
				PRODUCT_BUNDLE_IDENTIFIER = resedat.Magic8BallAppTests;
				PRODUCT_NAME = "$(TARGET_NAME)";
				SWIFT_EMIT_LOC_STRINGS = NO;
				SWIFT_VERSION = 5.0;
				TARGETED_DEVICE_FAMILY = "1,2";
				TEST_HOST = "$(BUILT_PRODUCTS_DIR)/Magic8BallApp.app/$(BUNDLE_EXECUTABLE_FOLDER_PATH)/Magic8BallApp";
			};
			name = Release;
		};
		AF3D8FF32A39E1BA00337F9B /* Debug */ = {
			isa = XCBuildConfiguration;
			buildSettings = {
				ALWAYS_EMBED_SWIFT_STANDARD_LIBRARIES = YES;
				CODE_SIGN_STYLE = Automatic;
				CURRENT_PROJECT_VERSION = 1;
				GENERATE_INFOPLIST_FILE = YES;
				MARKETING_VERSION = 1.0;
				PRODUCT_BUNDLE_IDENTIFIER = resedat.Magic8BallAppUITests;
				PRODUCT_NAME = "$(TARGET_NAME)";
				SWIFT_EMIT_LOC_STRINGS = NO;
				SWIFT_VERSION = 5.0;
				TARGETED_DEVICE_FAMILY = "1,2";
				TEST_TARGET_NAME = Magic8BallApp;
			};
			name = Debug;
		};
		AF3D8FF42A39E1BA00337F9B /* Release */ = {
			isa = XCBuildConfiguration;
			buildSettings = {
				ALWAYS_EMBED_SWIFT_STANDARD_LIBRARIES = YES;
				CODE_SIGN_STYLE = Automatic;
				CURRENT_PROJECT_VERSION = 1;
				GENERATE_INFOPLIST_FILE = YES;
				MARKETING_VERSION = 1.0;
				PRODUCT_BUNDLE_IDENTIFIER = resedat.Magic8BallAppUITests;
				PRODUCT_NAME = "$(TARGET_NAME)";
				SWIFT_EMIT_LOC_STRINGS = NO;
				SWIFT_VERSION = 5.0;
				TARGETED_DEVICE_FAMILY = "1,2";
				TEST_TARGET_NAME = Magic8BallApp;
			};
			name = Release;
		};
/* End XCBuildConfiguration section */

/* Begin XCConfigurationList section */
		AF3D8FBD2A39E1B900337F9B /* Build configuration list for PBXProject "Magic8BallApp" */ = {
			isa = XCConfigurationList;
			buildConfigurations = (
				AF3D8FEA2A39E1BA00337F9B /* Debug */,
				AF3D8FEB2A39E1BA00337F9B /* Release */,
			);
			defaultConfigurationIsVisible = 0;
			defaultConfigurationName = Release;
		};
		AF3D8FEC2A39E1BA00337F9B /* Build configuration list for PBXNativeTarget "Magic8BallApp" */ = {
			isa = XCConfigurationList;
			buildConfigurations = (
				AF3D8FED2A39E1BA00337F9B /* Debug */,
				AF3D8FEE2A39E1BA00337F9B /* Release */,
			);
			defaultConfigurationIsVisible = 0;
			defaultConfigurationName = Release;
		};
		AF3D8FEF2A39E1BA00337F9B /* Build configuration list for PBXNativeTarget "Magic8BallAppTests" */ = {
			isa = XCConfigurationList;
			buildConfigurations = (
				AF3D8FF02A39E1BA00337F9B /* Debug */,
				AF3D8FF12A39E1BA00337F9B /* Release */,
			);
			defaultConfigurationIsVisible = 0;
			defaultConfigurationName = Release;
		};
		AF3D8FF22A39E1BA00337F9B /* Build configuration list for PBXNativeTarget "Magic8BallAppUITests" */ = {
			isa = XCConfigurationList;
			buildConfigurations = (
				AF3D8FF32A39E1BA00337F9B /* Debug */,
				AF3D8FF42A39E1BA00337F9B /* Release */,
			);
			defaultConfigurationIsVisible = 0;
			defaultConfigurationName = Release;
		};
/* End XCConfigurationList section */
	};
	rootObject = AF3D8FBA2A39E1B900337F9B /* Project object */;
}
